
Microsoft Visual Studio Solution File, Format Version 12.00
# Visual Studio Version 17
VisualStudioVersion = 17.7.34031.279
MinimumVisualStudioVersion = 10.0.40219.1
Project("{FAE04EC0-301F-11D3-BF4B-00C04F79EFBC}") = "SagdievaStudyPR", "SagdievaStudyPR\SagdievaStudyPR.csproj", "{2A31C363-FB84-4578-8884-E2570DD81CF1}"
EndProject
Global
	GlobalSection(SolutionConfigurationPlatforms) = preSolution
		Debug|Any CPU = Debug|Any CPU
		Release|Any CPU = Release|Any CPU
	EndGlobalSection
	GlobalSection(ProjectConfigurationPlatforms) = postSolution
		{2A31C363-FB84-4578-8884-E2570DD81CF1}.Debug|Any CPU.ActiveCfg = Debug|Any CPU
		{2A31C363-FB84-4578-8884-E2570DD81CF1}.Debug|Any CPU.Build.0 = Debug|Any CPU
		{2A31C363-FB84-4578-8884-E2570DD81CF1}.Release|Any CPU.ActiveCfg = Release|Any CPU
		{2A31C363-FB84-4578-8884-E2570DD81CF1}.Release|Any CPU.Build.0 = Release|Any CPU
	EndGlobalSection
	GlobalSection(SolutionProperties) = preSolution
		HideSolutionNode = FALSE
	EndGlobalSection
	GlobalSection(ExtensibilityGlobals) = postSolution
		SolutionGuid = {41CCAA05-0EDD-4735-9970-05A1E73A1174}
	EndGlobalSection
EndGlobal
